
Microsoft Visual Studio Solution File, Format Version 12.00
# Visual Studio Version 16
VisualStudioVersion = 16.0.29519.87
MinimumVisualStudioVersion = 10.0.40219.1
Project("{FAE04EC0-301F-11D3-BF4B-00C04F79EFBC}") = "TEST", "TEST\TEST.csproj", "{CA8100DA-FA06-49CA-8171-843D1FD290E8}"
EndProject
Global
	GlobalSection(SolutionConfigurationPlatforms) = preSolution
		Debug|Any CPU = Debug|Any CPU
		Release|Any CPU = Release|Any CPU
	EndGlobalSection
	GlobalSection(ProjectConfigurationPlatforms) = postSolution
		{CA8100DA-FA06-49CA-8171-843D1FD290E8}.Debug|Any CPU.ActiveCfg = Debug|Any CPU
		{CA8100DA-FA06-49CA-8171-843D1FD290E8}.Debug|Any CPU.Build.0 = Debug|Any CPU
		{CA8100DA-FA06-49CA-8171-843D1FD290E8}.Release|Any CPU.ActiveCfg = Release|Any CPU
		{CA8100DA-FA06-49CA-8171-843D1FD290E8}.Release|Any CPU.Build.0 = Release|Any CPU
	EndGlobalSection
	GlobalSection(SolutionProperties) = preSolution
		HideSolutionNode = FALSE
	EndGlobalSection
	GlobalSection(ExtensibilityGlobals) = postSolution
		SolutionGuid = {4F4FAB45-8EA9-4F0A-B726-6C78AD00E140}
	EndGlobalSection
EndGlobal
